
Microsoft Visual Studio Solution File, Format Version 12.00
# Visual Studio Version 16
VisualStudioVersion = 16.0.30204.135
MinimumVisualStudioVersion = 10.0.40219.1
Project("{FAE04EC0-301F-11D3-BF4B-00C04F79EFBC}") = "CRUD WPF", "CRUD WPF\CRUD WPF.csproj", "{5FD4B1C3-D07D-45FF-9F64-A15FDF562D25}"
EndProject
Global
	GlobalSection(SolutionConfigurationPlatforms) = preSolution
		Debug|Any CPU = Debug|Any CPU
		Release|Any CPU = Release|Any CPU
	EndGlobalSection
	GlobalSection(ProjectConfigurationPlatforms) = postSolution
		{5FD4B1C3-D07D-45FF-9F64-A15FDF562D25}.Debug|Any CPU.ActiveCfg = Debug|Any CPU
		{5FD4B1C3-D07D-45FF-9F64-A15FDF562D25}.Debug|Any CPU.Build.0 = Debug|Any CPU
		{5FD4B1C3-D07D-45FF-9F64-A15FDF562D25}.Release|Any CPU.ActiveCfg = Release|Any CPU
		{5FD4B1C3-D07D-45FF-9F64-A15FDF562D25}.Release|Any CPU.Build.0 = Release|Any CPU
	EndGlobalSection
	GlobalSection(SolutionProperties) = preSolution
		HideSolutionNode = FALSE
	EndGlobalSection
	GlobalSection(ExtensibilityGlobals) = postSolution
		SolutionGuid = {4789533B-02DE-4AEC-932A-C5E4DEFE58DC}
	EndGlobalSection
EndGlobal
